
Microsoft Visual Studio Solution File, Format Version 12.00
# Visual Studio Version 17
VisualStudioVersion = 17.2.32526.322
MinimumVisualStudioVersion = 10.0.40219.1
Project("{FAE04EC0-301F-11D3-BF4B-00C04F79EFBC}") = "event", "event\event.csproj", "{B5B00C99-632D-4255-A013-AFA0F52BA209}"
EndProject
Global
	GlobalSection(SolutionConfigurationPlatforms) = preSolution
		Debug|Any CPU = Debug|Any CPU
		Release|Any CPU = Release|Any CPU
	EndGlobalSection
	GlobalSection(ProjectConfigurationPlatforms) = postSolution
		{B5B00C99-632D-4255-A013-AFA0F52BA209}.Debug|Any CPU.ActiveCfg = Debug|Any CPU
		{B5B00C99-632D-4255-A013-AFA0F52BA209}.Debug|Any CPU.Build.0 = Debug|Any CPU
		{B5B00C99-632D-4255-A013-AFA0F52BA209}.Release|Any CPU.ActiveCfg = Release|Any CPU
		{B5B00C99-632D-4255-A013-AFA0F52BA209}.Release|Any CPU.Build.0 = Release|Any CPU
	EndGlobalSection
	GlobalSection(SolutionProperties) = preSolution
		HideSolutionNode = FALSE
	EndGlobalSection
	GlobalSection(ExtensibilityGlobals) = postSolution
		SolutionGuid = {0FEDFB53-FA93-42AC-BC5A-50BB6C5D2AFE}
	EndGlobalSection
EndGlobal
