
Microsoft Visual Studio Solution File, Format Version 12.00
# Visual Studio Version 17
VisualStudioVersion = 17.2.32526.322
MinimumVisualStudioVersion = 10.0.40219.1
Project("{FAE04EC0-301F-11D3-BF4B-00C04F79EFBC}") = "Encapsulation", "Encapsulation\Encapsulation.csproj", "{86B68106-FC3B-4C81-AA4B-E0974672BB21}"
EndProject
Global
	GlobalSection(SolutionConfigurationPlatforms) = preSolution
		Debug|Any CPU = Debug|Any CPU
		Release|Any CPU = Release|Any CPU
	EndGlobalSection
	GlobalSection(ProjectConfigurationPlatforms) = postSolution
		{86B68106-FC3B-4C81-AA4B-E0974672BB21}.Debug|Any CPU.ActiveCfg = Debug|Any CPU
		{86B68106-FC3B-4C81-AA4B-E0974672BB21}.Debug|Any CPU.Build.0 = Debug|Any CPU
		{86B68106-FC3B-4C81-AA4B-E0974672BB21}.Release|Any CPU.ActiveCfg = Release|Any CPU
		{86B68106-FC3B-4C81-AA4B-E0974672BB21}.Release|Any CPU.Build.0 = Release|Any CPU
	EndGlobalSection
	GlobalSection(SolutionProperties) = preSolution
		HideSolutionNode = FALSE
	EndGlobalSection
	GlobalSection(ExtensibilityGlobals) = postSolution
		SolutionGuid = {C65D74B1-07F4-4FCB-8AE2-ED427106A96E}
	EndGlobalSection
EndGlobal
