
Microsoft Visual Studio Solution File, Format Version 12.00
# Visual Studio Version 17
VisualStudioVersion = 17.2.32526.322
MinimumVisualStudioVersion = 10.0.40219.1
Project("{FAE04EC0-301F-11D3-BF4B-00C04F79EFBC}") = "Anonymous Delegate", "Anonymous Delegate\Anonymous Delegate.csproj", "{849CE14C-669A-4335-980A-68493197D128}"
EndProject
Global
	GlobalSection(SolutionConfigurationPlatforms) = preSolution
		Debug|Any CPU = Debug|Any CPU
		Release|Any CPU = Release|Any CPU
	EndGlobalSection
	GlobalSection(ProjectConfigurationPlatforms) = postSolution
		{849CE14C-669A-4335-980A-68493197D128}.Debug|Any CPU.ActiveCfg = Debug|Any CPU
		{849CE14C-669A-4335-980A-68493197D128}.Debug|Any CPU.Build.0 = Debug|Any CPU
		{849CE14C-669A-4335-980A-68493197D128}.Release|Any CPU.ActiveCfg = Release|Any CPU
		{849CE14C-669A-4335-980A-68493197D128}.Release|Any CPU.Build.0 = Release|Any CPU
	EndGlobalSection
	GlobalSection(SolutionProperties) = preSolution
		HideSolutionNode = FALSE
	EndGlobalSection
	GlobalSection(ExtensibilityGlobals) = postSolution
		SolutionGuid = {7DDD08DA-3E06-4616-A5E4-E1C8BCD0284E}
	EndGlobalSection
EndGlobal
