
Microsoft Visual Studio Solution File, Format Version 12.00
# Visual Studio Version 17
VisualStudioVersion = 17.2.32526.322
MinimumVisualStudioVersion = 10.0.40219.1
Project("{FAE04EC0-301F-11D3-BF4B-00C04F79EFBC}") = "Dictionary", "Dictionary\Dictionary.csproj", "{1B091992-EEE0-473D-A88E-C15C27FC546E}"
EndProject
Global
	GlobalSection(SolutionConfigurationPlatforms) = preSolution
		Debug|Any CPU = Debug|Any CPU
		Release|Any CPU = Release|Any CPU
	EndGlobalSection
	GlobalSection(ProjectConfigurationPlatforms) = postSolution
		{1B091992-EEE0-473D-A88E-C15C27FC546E}.Debug|Any CPU.ActiveCfg = Debug|Any CPU
		{1B091992-EEE0-473D-A88E-C15C27FC546E}.Debug|Any CPU.Build.0 = Debug|Any CPU
		{1B091992-EEE0-473D-A88E-C15C27FC546E}.Release|Any CPU.ActiveCfg = Release|Any CPU
		{1B091992-EEE0-473D-A88E-C15C27FC546E}.Release|Any CPU.Build.0 = Release|Any CPU
	EndGlobalSection
	GlobalSection(SolutionProperties) = preSolution
		HideSolutionNode = FALSE
	EndGlobalSection
	GlobalSection(ExtensibilityGlobals) = postSolution
		SolutionGuid = {15AA45B1-AE6C-4BAB-AEFB-27B1D9B9F514}
	EndGlobalSection
EndGlobal
